
Microsoft Visual Studio Solution File, Format Version 12.00
Project("{FAE04EC0-301F-11D3-BF4B-00C04F79EFBC}") = "BulletSharp.NetStandard", "BulletSharp.NetStandard.csproj", "{508EA7DA-AC54-47E0-BFE2-10BE758A06BA}"
EndProject
Global
	GlobalSection(SolutionConfigurationPlatforms) = preSolution
		Debug|Any CPU = Debug|Any CPU
		Release|Any CPU = Release|Any CPU
		ReleaseiOS|Any CPU = ReleaseiOS|Any CPU
	EndGlobalSection
	GlobalSection(ProjectConfigurationPlatforms) = postSolution
		{508EA7DA-AC54-47E0-BFE2-10BE758A06BA}.Debug|Any CPU.ActiveCfg = Debug|Any CPU
		{508EA7DA-AC54-47E0-BFE2-10BE758A06BA}.Debug|Any CPU.Build.0 = Debug|Any CPU
		{508EA7DA-AC54-47E0-BFE2-10BE758A06BA}.Release|Any CPU.ActiveCfg = Release|Any CPU
		{508EA7DA-AC54-47E0-BFE2-10BE758A06BA}.Release|Any CPU.Build.0 = Release|Any CPU
		{508EA7DA-AC54-47E0-BFE2-10BE758A06BA}.ReleaseiOS|Any CPU.ActiveCfg = ReleaseiOS|Any CPU
		{508EA7DA-AC54-47E0-BFE2-10BE758A06BA}.ReleaseiOS|Any CPU.Build.0 = ReleaseiOS|Any CPU
	EndGlobalSection
EndGlobal
